// !$*UTF8*$!
{
	archiveVersion = 1;
	classes = {
	};
	objectVersion = 45;
	objects = {

/* Begin PBXBuildFile section */
		3FFFDB8812F1222600E2D54F /* ZMQContext.m in Sources */ = {isa = PBXBuildFile; fileRef = 3FFFDB8512F1222600E2D54F /* ZMQContext.m */; };
		3FFFDB8912F1222600E2D54F /* ZMQSocket.m in Sources */ = {isa = PBXBuildFile; fileRef = 3FFFDB8712F1222600E2D54F /* ZMQSocket.m */; };
		3FFFDBA112F125A100E2D54F /* hwserver.m in Sources */ = {isa = PBXBuildFile; fileRef = 3FFFDAD212F11C7200E2D54F /* hwserver.m */; };
/* End PBXBuildFile section */

/* Begin PBXFileReference section */
		08FB779EFE84155DC02AAC07 /* Foundation.framework */ = {isa = PBXFileReference; lastKnownFileType = wrapper.framework; name = Foundation.framework; path = /System/Library/Frameworks/Foundation.framework; sourceTree = "<absolute>"; };
		3FFFDAD112F11AF400E2D54F /* ObjCExamples_Prefix.pch */ = {isa = PBXFileReference; fileEncoding = 4; lastKnownFileType = sourcecode.c.h; path = ObjCExamples_Prefix.pch; sourceTree = "<group>"; };
		3FFFDAD212F11C7200E2D54F /* hwserver.m */ = {isa = PBXFileReference; fileEncoding = 4; lastKnownFileType = sourcecode.c.objc; path = hwserver.m; sourceTree = "<group>"; };
		3FFFDAD612F11C8C00E2D54F /* hwserver */ = {isa = PBXFileReference; explicitFileType = "compiled.mach-o.executable"; includeInIndex = 0; path = hwserver; sourceTree = BUILT_PRODUCTS_DIR; };
		3FFFDB6B12F11E2A00E2D54F /* project.xcconfig */ = {isa = PBXFileReference; fileEncoding = 4; lastKnownFileType = text.xcconfig; path = project.xcconfig; sourceTree = "<group>"; };
		3FFFDB8312F1222600E2D54F /* ZMQObjc.h */ = {isa = PBXFileReference; fileEncoding = 4; lastKnownFileType = sourcecode.c.h; name = ZMQObjc.h; path = "../../../../objc-zmq/src/ZMQObjc.h"; sourceTree = SOURCE_ROOT; };
		3FFFDB8412F1222600E2D54F /* ZMQContext.h */ = {isa = PBXFileReference; fileEncoding = 4; lastKnownFileType = sourcecode.c.h; name = ZMQContext.h; path = "../../../../objc-zmq/src/ZMQContext.h"; sourceTree = SOURCE_ROOT; };
		3FFFDB8512F1222600E2D54F /* ZMQContext.m */ = {isa = PBXFileReference; fileEncoding = 4; lastKnownFileType = sourcecode.c.objc; name = ZMQContext.m; path = "../../../../objc-zmq/src/ZMQContext.m"; sourceTree = SOURCE_ROOT; };
		3FFFDB8612F1222600E2D54F /* ZMQSocket.h */ = {isa = PBXFileReference; fileEncoding = 4; lastKnownFileType = sourcecode.c.h; name = ZMQSocket.h; path = "../../../../objc-zmq/src/ZMQSocket.h"; sourceTree = SOURCE_ROOT; };
		3FFFDB8712F1222600E2D54F /* ZMQSocket.m */ = {isa = PBXFileReference; fileEncoding = 4; lastKnownFileType = sourcecode.c.objc; name = ZMQSocket.m; path = "../../../../objc-zmq/src/ZMQSocket.m"; sourceTree = SOURCE_ROOT; };
/* End PBXFileReference section */

/* Begin PBXFrameworksBuildPhase section */
		3FFFDAD412F11C8C00E2D54F /* Frameworks */ = {
			isa = PBXFrameworksBuildPhase;
			buildActionMask = 2147483647;
			files = (
			);
			runOnlyForDeploymentPostprocessing = 0;
		};
/* End PBXFrameworksBuildPhase section */

/* Begin PBXGroup section */
		08FB7794FE84155DC02AAC07 /* ObjCExamples */ = {
			isa = PBXGroup;
			children = (
				3FFFDB8212F1221B00E2D54F /* ZMQObjc */,
				3FFFDB6C12F11E7D00E2D54F /* Other Files */,
				08FB7795FE84155DC02AAC07 /* Examples */,
				08FB779DFE84155DC02AAC07 /* External Frameworks and Libraries */,
				1AB674ADFE9D54B511CA2CBB /* Products */,
			);
			name = ObjCExamples;
			sourceTree = "<group>";
		};
		08FB7795FE84155DC02AAC07 /* Examples */ = {
			isa = PBXGroup;
			children = (
				3FFFDAD212F11C7200E2D54F /* hwserver.m */,
			);
			name = Examples;
			path = ..;
			sourceTree = "<group>";
		};
		08FB779DFE84155DC02AAC07 /* External Frameworks and Libraries */ = {
			isa = PBXGroup;
			children = (
				08FB779EFE84155DC02AAC07 /* Foundation.framework */,
			);
			name = "External Frameworks and Libraries";
			sourceTree = "<group>";
		};
		1AB674ADFE9D54B511CA2CBB /* Products */ = {
			isa = PBXGroup;
			children = (
				3FFFDAD612F11C8C00E2D54F /* hwserver */,
			);
			name = Products;
			sourceTree = "<group>";
		};
		3FFFDB6C12F11E7D00E2D54F /* Other Files */ = {
			isa = PBXGroup;
			children = (
				3FFFDAD112F11AF400E2D54F /* ObjCExamples_Prefix.pch */,
				3FFFDB6B12F11E2A00E2D54F /* project.xcconfig */,
			);
			name = "Other Files";
			sourceTree = "<group>";
		};
		3FFFDB8212F1221B00E2D54F /* ZMQObjc */ = {
			isa = PBXGroup;
			children = (
				3FFFDB8312F1222600E2D54F /* ZMQObjc.h */,
				3FFFDB8412F1222600E2D54F /* ZMQContext.h */,
				3FFFDB8512F1222600E2D54F /* ZMQContext.m */,
				3FFFDB8612F1222600E2D54F /* ZMQSocket.h */,
				3FFFDB8712F1222600E2D54F /* ZMQSocket.m */,
			);
			name = ZMQObjc;
			sourceTree = "<group>";
		};
/* End PBXGroup section */

/* Begin PBXNativeTarget section */
		3FFFDAD512F11C8C00E2D54F /* hwserver */ = {
			isa = PBXNativeTarget;
			buildConfigurationList = 3FFFDADA12F11CAF00E2D54F /* Build configuration list for PBXNativeTarget "hwserver" */;
			buildPhases = (
				3FFFDAD312F11C8C00E2D54F /* Sources */,
				3FFFDAD412F11C8C00E2D54F /* Frameworks */,
			);
			buildRules = (
			);
			dependencies = (
			);
			name = hwserver;
			productName = hwserver;
			productReference = 3FFFDAD612F11C8C00E2D54F /* hwserver */;
			productType = "com.apple.product-type.tool";
		};
/* End PBXNativeTarget section */

/* Begin PBXProject section */
		08FB7793FE84155DC02AAC07 /* Project object */ = {
			isa = PBXProject;
			buildConfigurationList = 1DEB927808733DD40010E9CD /* Build configuration list for PBXProject "ObjCExamples" */;
			compatibilityVersion = "Xcode 3.1";
			developmentRegion = English;
			hasScannedForEncodings = 1;
			knownRegions = (
				English,
				Japanese,
				French,
				German,
			);
			mainGroup = 08FB7794FE84155DC02AAC07 /* ObjCExamples */;
			projectDirPath = "";
			projectRoot = "";
			targets = (
				3FFFDAD512F11C8C00E2D54F /* hwserver */,
			);
		};
/* End PBXProject section */

/* Begin PBXSourcesBuildPhase section */
		3FFFDAD312F11C8C00E2D54F /* Sources */ = {
			isa = PBXSourcesBuildPhase;
			buildActionMask = 2147483647;
			files = (
				3FFFDB8812F1222600E2D54F /* ZMQContext.m in Sources */,
				3FFFDB8912F1222600E2D54F /* ZMQSocket.m in Sources */,
				3FFFDBA112F125A100E2D54F /* hwserver.m in Sources */,
			);
			runOnlyForDeploymentPostprocessing = 0;
		};
/* End PBXSourcesBuildPhase section */

/* Begin XCBuildConfiguration section */
		1DEB927908733DD40010E9CD /* Debug */ = {
			isa = XCBuildConfiguration;
			baseConfigurationReference = 3FFFDB6B12F11E2A00E2D54F /* project.xcconfig */;
			buildSettings = {
				ARCHS = "$(ARCHS_STANDARD_32_64_BIT)";
				GCC_C_LANGUAGE_STANDARD = gnu99;
				GCC_OPTIMIZATION_LEVEL = 0;
				GCC_WARN_ABOUT_RETURN_TYPE = YES;
				GCC_WARN_UNUSED_VARIABLE = YES;
				ONLY_ACTIVE_ARCH = YES;
				PREBINDING = NO;
				SDKROOT = macosx;
			};
			name = Debug;
		};
		1DEB927A08733DD40010E9CD /* Release */ = {
			isa = XCBuildConfiguration;
			baseConfigurationReference = 3FFFDB6B12F11E2A00E2D54F /* project.xcconfig */;
			buildSettings = {
				ARCHS = "$(ARCHS_STANDARD_32_64_BIT)";
				GCC_C_LANGUAGE_STANDARD = gnu99;
				GCC_WARN_ABOUT_RETURN_TYPE = YES;
				GCC_WARN_UNUSED_VARIABLE = YES;
				PREBINDING = NO;
				SDKROOT = macosx;
			};
			name = Release;
		};
		3FFFDAD812F11C8D00E2D54F /* Debug */ = {
			isa = XCBuildConfiguration;
			buildSettings = {
				ALWAYS_SEARCH_USER_PATHS = NO;
				COPY_PHASE_STRIP = NO;
				GCC_DYNAMIC_NO_PIC = NO;
				GCC_ENABLE_FIX_AND_CONTINUE = YES;
				GCC_MODEL_TUNING = G5;
				GCC_OPTIMIZATION_LEVEL = 0;
				GCC_PRECOMPILE_PREFIX_HEADER = YES;
				GCC_PREFIX_HEADER = "$(SYSTEM_LIBRARY_DIR)/Frameworks/AppKit.framework/Headers/AppKit.h";
				INSTALL_PATH = /usr/local/bin;
				PREBINDING = NO;
				PRODUCT_NAME = hwserver;
			};
			name = Debug;
		};
		3FFFDAD912F11C8D00E2D54F /* Release */ = {
			isa = XCBuildConfiguration;
			buildSettings = {
				ALWAYS_SEARCH_USER_PATHS = NO;
				COPY_PHASE_STRIP = YES;
				DEBUG_INFORMATION_FORMAT = "dwarf-with-dsym";
				GCC_ENABLE_FIX_AND_CONTINUE = NO;
				GCC_MODEL_TUNING = G5;
				GCC_PRECOMPILE_PREFIX_HEADER = YES;
				GCC_PREFIX_HEADER = "$(SYSTEM_LIBRARY_DIR)/Frameworks/AppKit.framework/Headers/AppKit.h";
				INSTALL_PATH = /usr/local/bin;
				PREBINDING = NO;
				PRODUCT_NAME = hwserver;
				ZERO_LINK = NO;
			};
			name = Release;
		};
/* End XCBuildConfiguration section */

/* Begin XCConfigurationList section */
		1DEB927808733DD40010E9CD /* Build configuration list for PBXProject "ObjCExamples" */ = {
			isa = XCConfigurationList;
			buildConfigurations = (
				1DEB927908733DD40010E9CD /* Debug */,
				1DEB927A08733DD40010E9CD /* Release */,
			);
			defaultConfigurationIsVisible = 0;
			defaultConfigurationName = Release;
		};
		3FFFDADA12F11CAF00E2D54F /* Build configuration list for PBXNativeTarget "hwserver" */ = {
			isa = XCConfigurationList;
			buildConfigurations = (
				3FFFDAD812F11C8D00E2D54F /* Debug */,
				3FFFDAD912F11C8D00E2D54F /* Release */,
			);
			defaultConfigurationIsVisible = 0;
			defaultConfigurationName = Release;
		};
/* End XCConfigurationList section */
	};
	rootObject = 08FB7793FE84155DC02AAC07 /* Project object */;
}
